Microsoft Visual Studio Solution File, Format Version 12.00
# Visual Studio Version 17
VisualStudioVersion = 17.5.2.0
MinimumVisualStudioVersion = 10.0.40219.1
Project("{FAE04EC0-301F-11D3-BF4B-00C04F79EFBC}") = "NeatShift", "NeatShift.csproj", "{31D72FFB-C237-8B4F-9413-5AE0781717C9}"
EndProject
Global
	GlobalSection(SolutionConfigurationPlatforms) = preSolution
		Debug|Any CPU = Debug|Any CPU
		Release|Any CPU = Release|Any CPU
	EndGlobalSection
	GlobalSection(ProjectConfigurationPlatforms) = postSolution
		{31D72FFB-C237-8B4F-9413-5AE0781717C9}.Debug|Any CPU.ActiveCfg = Debug|Any CPU
		{31D72FFB-C237-8B4F-9413-5AE0781717C9}.Debug|Any CPU.Build.0 = Debug|Any CPU
		{31D72FFB-C237-8B4F-9413-5AE0781717C9}.Release|Any CPU.ActiveCfg = Release|Any CPU
		{31D72FFB-C237-8B4F-9413-5AE0781717C9}.Release|Any CPU.Build.0 = Release|Any CPU
	EndGlobalSection
	GlobalSection(SolutionProperties) = preSolution
		HideSolutionNode = FALSE
	EndGlobalSection
	GlobalSection(ExtensibilityGlobals) = postSolution
		SolutionGuid = {6F0D7DF6-CB1E-459B-B3D4-7A42799DC767}
	EndGlobalSection
EndGlobal
